<?xml version="1.0" encoding="utf-8"?>
<Project ToolsVersion="4.0" xmlns="http://schemas.microsoft.com/developer/msbuild/2003">
  <ItemGroup>
    <ClCompile Include="ContextMenuExtension.cpp">
      <Filter>source</Filter>
    </ClCompile>
  </ItemGroup>
  <ItemGroup>
    <ClInclude Include="resource.h">
      <Filter>common</Filter>
    </ClInclude>
    <ClInclude Include="ContextMenuExtension.h">
      <Filter>source</Filter>
    </ClInclude>
  </ItemGroup>
  <ItemGroup>
    <Filter Include="source">
      <UniqueIdentifier>{67666e3e-9c8d-487f-aab5-ad11e9455066}</UniqueIdentifier>
    </Filter>
    <Filter Include="common">
      <UniqueIdentifier>{32cdbbef-0a85-4c9e-89bb-f27283bd35d7}</UniqueIdentifier>
    </Filter>
  </ItemGroup>
  <ItemGroup>
    <ResourceCompile Include="ContextMenuExtension.rc">
      <Filter>source</Filter>
    </ResourceCompile>
  </ItemGroup>
  <ItemGroup>
    <Image Include="..\reference\menu_icon.ico" />
  </ItemGroup>
</Project>